
Microsoft Visual Studio Solution File, Format Version 11.00
# Visual Studio 2010
Project("{FAE04EC0-301F-11D3-BF4B-00C04F79EFBC}") = "AlaskaPak", "AlaskaPak\AlaskaPak.csproj", "{86818D39-DE46-4491-ACEF-4340389F22EA}"
EndProject
Global
	GlobalSection(SolutionConfigurationPlatforms) = preSolution
		Debug|Any CPU = Debug|Any CPU
		Debug|x86 = Debug|x86
		Release|Any CPU = Release|Any CPU
		Release|x86 = Release|x86
	EndGlobalSection
	GlobalSection(ProjectConfigurationPlatforms) = postSolution
		{86818D39-DE46-4491-ACEF-4340389F22EA}.Debug|Any CPU.ActiveCfg = Debug|Any CPU
		{86818D39-DE46-4491-ACEF-4340389F22EA}.Debug|Any CPU.Build.0 = Debug|Any CPU
		{86818D39-DE46-4491-ACEF-4340389F22EA}.Debug|x86.ActiveCfg = Release|x86
		{86818D39-DE46-4491-ACEF-4340389F22EA}.Debug|x86.Build.0 = Release|x86
		{86818D39-DE46-4491-ACEF-4340389F22EA}.Release|Any CPU.ActiveCfg = Release|Any CPU
		{86818D39-DE46-4491-ACEF-4340389F22EA}.Release|Any CPU.Build.0 = Release|Any CPU
		{86818D39-DE46-4491-ACEF-4340389F22EA}.Release|x86.ActiveCfg = Release|x86
		{86818D39-DE46-4491-ACEF-4340389F22EA}.Release|x86.Build.0 = Release|x86
	EndGlobalSection
	GlobalSection(SolutionProperties) = preSolution
		HideSolutionNode = FALSE
	EndGlobalSection
EndGlobal
